# THIS IS AN AUTOGENERATED FILE. DO NOT EDIT THIS FILE DIRECTLY.
# yarn lockfile v1


fp-ts@^2.10.5:
  version "2.10.5"
  resolved "https://registry.yarnpkg.com/fp-ts/-/fp-ts-2.10.5.tgz#7c77868fe8bd9b229743303c1bec505b959f631b"
  integrity sha512-X2KfTIV0cxIk3d7/2Pvp/pxL/xr2MV1WooyEzKtTWYSc1+52VF4YzjBTXqeOlSiZsPCxIBpDGfT9Dyo7WEY0DQ==
